
Microsoft Visual Studio Solution File, Format Version 12.00
# Visual Studio 14
VisualStudioVersion = 14.0.25420.1
MinimumVisualStudioVersion = 10.0.40219.1
Project("{8BC9CEB8-8B4A-11D0-8D11-00A0C91BC942}") = "Python_Invoker_Module", "Python_Invoker_Module\Python_Invoker_Module.vcxproj", "{86CE7BB9-76A1-40C2-9734-EFF8C03C810E}"
EndProject
Global
	GlobalSection(SolutionConfigurationPlatforms) = preSolution
		Debug|x64 = Debug|x64
		Debug|x86 = Debug|x86
		Release|x64 = Release|x64
		Release|x86 = Release|x86
	EndGlobalSection
	GlobalSection(ProjectConfigurationPlatforms) = postSolution
		{86CE7BB9-76A1-40C2-9734-EFF8C03C810E}.Debug|x64.ActiveCfg = Debug|x64
		{86CE7BB9-76A1-40C2-9734-EFF8C03C810E}.Debug|x64.Build.0 = Debug|x64
		{86CE7BB9-76A1-40C2-9734-EFF8C03C810E}.Debug|x86.ActiveCfg = Debug|Win32
		{86CE7BB9-76A1-40C2-9734-EFF8C03C810E}.Debug|x86.Build.0 = Debug|Win32
		{86CE7BB9-76A1-40C2-9734-EFF8C03C810E}.Release|x64.ActiveCfg = Release|x64
		{86CE7BB9-76A1-40C2-9734-EFF8C03C810E}.Release|x64.Build.0 = Release|x64
		{86CE7BB9-76A1-40C2-9734-EFF8C03C810E}.Release|x86.ActiveCfg = Release|Win32
		{86CE7BB9-76A1-40C2-9734-EFF8C03C810E}.Release|x86.Build.0 = Release|Win32
	EndGlobalSection
	GlobalSection(SolutionProperties) = preSolution
		HideSolutionNode = FALSE
	EndGlobalSection
EndGlobal
